<Solution>
  <Project Path="ConsoleApp1/ConsoleApp1.csproj" Id="7a1630d4-4eb6-43a0-bbff-45a5044ab0b5" />
  <Project Path="ConsoleApp2/ConsoleApp2.csproj" Id="9cb2f983-0881-4776-8070-eb49aa9af570" />
  <Project Path="Prac03Syntax/Prac03Syntax.csproj" Id="e111c23e-cc46-41ac-ae5c-5377208372ad" />
  <Project Path="Prac04Collection/Prac04Collection.csproj" Id="a33a75d9-372f-4b5a-92f8-7a16f2746576" />
  <Project Path="prac05Exception.program/prac05Exception.program.csproj" Id="0f0692bc-6ce2-4586-b0c0-504e581ef83d" />
  <Project Path="Pract06Arrange/Pract06Arrange.csproj" Id="973e7a2b-1125-4a0a-b6f8-2c427b040bb1" />
</Solution>
